
Microsoft Visual Studio Solution File, Format Version 12.00
# Visual Studio Version 17
VisualStudioVersion = 17.2.32516.85
MinimumVisualStudioVersion = 10.0.40219.1
Project("{9A19103F-16F7-4668-BE54-9A1E7A4F7556}") = "OrionTracking", "OrionTracking\OrionTracking.csproj", "{688F3103-A73B-4453-8529-7721464DF288}"
EndProject
Global
	GlobalSection(SolutionConfigurationPlatforms) = preSolution
		Debug|Any CPU = Debug|Any CPU
		Release|Any CPU = Release|Any CPU
	EndGlobalSection
	GlobalSection(ProjectConfigurationPlatforms) = postSolution
		{688F3103-A73B-4453-8529-7721464DF288}.Debug|Any CPU.ActiveCfg = Debug|Any CPU
		{688F3103-A73B-4453-8529-7721464DF288}.Debug|Any CPU.Build.0 = Debug|Any CPU
		{688F3103-A73B-4453-8529-7721464DF288}.Release|Any CPU.ActiveCfg = Release|Any CPU
		{688F3103-A73B-4453-8529-7721464DF288}.Release|Any CPU.Build.0 = Release|Any CPU
	EndGlobalSection
	GlobalSection(SolutionProperties) = preSolution
		HideSolutionNode = FALSE
	EndGlobalSection
	GlobalSection(ExtensibilityGlobals) = postSolution
		SolutionGuid = {26425500-B727-402F-9967-6FB87781A820}
	EndGlobalSection
EndGlobal
